
Microsoft Visual Studio Solution File, Format Version 12.00
# Visual Studio 15
VisualStudioVersion = 15.0.28010.2026
MinimumVisualStudioVersion = 10.0.40219.1
Project("{FAE04EC0-301F-11D3-BF4B-00C04F79EFBC}") = "HaydenWebsite.Server", "HaydenWebsite.Server\HaydenWebsite.Server.csproj", "{99F451FD-5F8A-4163-9C5D-656E7BC24DD6}"
EndProject
Project("{FAE04EC0-301F-11D3-BF4B-00C04F79EFBC}") = "HaydenWebsite.Client", "HaydenWebsite.Client\HaydenWebsite.Client.csproj", "{1A7B3DA5-374E-4337-B053-58A2C1B2D979}"
EndProject
Project("{FAE04EC0-301F-11D3-BF4B-00C04F79EFBC}") = "HaydenWebsite.Shared", "HaydenWebsite.Shared\HaydenWebsite.Shared.csproj", "{F5AB5AF8-DFD3-43BF-9563-57200F62DA7E}"
EndProject
Global
	GlobalSection(SolutionConfigurationPlatforms) = preSolution
		Debug|Any CPU = Debug|Any CPU
		Release|Any CPU = Release|Any CPU
	EndGlobalSection
	GlobalSection(ProjectConfigurationPlatforms) = postSolution
		{99F451FD-5F8A-4163-9C5D-656E7BC24DD6}.Debug|Any CPU.ActiveCfg = Debug|Any CPU
		{99F451FD-5F8A-4163-9C5D-656E7BC24DD6}.Debug|Any CPU.Build.0 = Debug|Any CPU
		{99F451FD-5F8A-4163-9C5D-656E7BC24DD6}.Release|Any CPU.ActiveCfg = Release|Any CPU
		{99F451FD-5F8A-4163-9C5D-656E7BC24DD6}.Release|Any CPU.Build.0 = Release|Any CPU
		{1A7B3DA5-374E-4337-B053-58A2C1B2D979}.Debug|Any CPU.ActiveCfg = Debug|Any CPU
		{1A7B3DA5-374E-4337-B053-58A2C1B2D979}.Debug|Any CPU.Build.0 = Debug|Any CPU
		{1A7B3DA5-374E-4337-B053-58A2C1B2D979}.Release|Any CPU.ActiveCfg = Release|Any CPU
		{1A7B3DA5-374E-4337-B053-58A2C1B2D979}.Release|Any CPU.Build.0 = Release|Any CPU
		{F5AB5AF8-DFD3-43BF-9563-57200F62DA7E}.Debug|Any CPU.ActiveCfg = Debug|Any CPU
		{F5AB5AF8-DFD3-43BF-9563-57200F62DA7E}.Debug|Any CPU.Build.0 = Debug|Any CPU
		{F5AB5AF8-DFD3-43BF-9563-57200F62DA7E}.Release|Any CPU.ActiveCfg = Release|Any CPU
		{F5AB5AF8-DFD3-43BF-9563-57200F62DA7E}.Release|Any CPU.Build.0 = Release|Any CPU
	EndGlobalSection
	GlobalSection(SolutionProperties) = preSolution
		HideSolutionNode = FALSE
	EndGlobalSection
	GlobalSection(ExtensibilityGlobals) = postSolution
		SolutionGuid = {6F3DA96F-A7FF-481B-9075-1130B79EBD59}
	EndGlobalSection
EndGlobal
